{
  "version": "4",
  "specifiers": {
    "jsr:@luca/esbuild-deno-loader@~0.10.3": "0.10.3",
    "jsr:@std/assert@~0.213.1": "0.213.1",
    "jsr:@std/encoding@0.213": "0.213.1",
    "jsr:@std/jsonc@0.213": "0.213.1",
    "jsr:@std/path@0.213": "0.213.1"
  },
  "jsr": {
    "@luca/esbuild-deno-loader@0.10.3": {
      "integrity": "32fc93f7e7f78060234fd5929a740668aab1c742b808c6048b57f9aaea514921",
      "dependencies": [
        "jsr:@std/encoding",
        "jsr:@std/jsonc",
        "jsr:@std/path"
      ]
    },
    "@std/assert@0.213.1": {
      "integrity": "24c28178b30c8e0782c18e8e94ea72b16282207569cdd10ffb9d1d26f2edebfe"
    },
    "@std/encoding@0.213.1": {
      "integrity": "fcbb6928713dde941a18ca5db88ca1544d0755ec8fb20fe61e2dc8144b390c62"
    },
    "@std/jsonc@0.213.1": {
      "integrity": "5578f21aa583b7eb7317eed077ffcde47b294f1056bdbb9aacec407758637bfe",
      "dependencies": [
        "jsr:@std/assert"
      ]
    },
    "@std/path@0.213.1": {
      "integrity": "f187bf278a172752e02fcbacf6bd78a335ed320d080a7ed3a5a59c3e88abc673",
      "dependencies": [
        "jsr:@std/assert"
      ]
    }
  },
  "redirects": {
    "https://esm.sh/@types/react-dom@~18.3.7/client.d.ts": "https://esm.sh/@types/react-dom@18.3.7/client.d.ts",
    "https://esm.sh/@types/react@~18.3.26/index.d.ts": "https://esm.sh/@types/react@18.3.27/index.d.ts",
    "https://esm.sh/@types/react@~18.3.26/jsx-runtime.d.ts": "https://esm.sh/@types/react@18.3.27/jsx-runtime.d.ts",
    "https://esm.sh/@types/scheduler@~0.23.0/index.d.ts": "https://esm.sh/@types/scheduler@0.23.0/index.d.ts",
    "https://esm.sh/scheduler@^0.23.2?target=denonext": "https://esm.sh/scheduler@0.23.2?target=denonext"
  },
  "remote": {
    "https://deno.land/x/denoflate@1.2.1/mod.ts": "f5628e44b80b3d80ed525afa2ba0f12408e3849db817d47a883b801f9ce69dd6",
    "https://deno.land/x/denoflate@1.2.1/pkg/denoflate.js": "b9f9ad9457d3f12f28b1fb35c555f57443427f74decb403113d67364e4f2caf4",
    "https://deno.land/x/denoflate@1.2.1/pkg/denoflate_bg.wasm.js": "d581956245407a2115a3d7e8d85a9641c032940a8e810acbd59ca86afd34d44d",
    "https://deno.land/x/esbuild@v0.20.1/mod.js": "d50e500b53ce67e31116beba3916b0f9275c0e1cc20bc5cadc0fc1b7a3b06fd9",
    "https://esm.sh/dashjs@4.7.4": "2347a0f0c110646f582908ad469771df9ea69cd86c57ec2e9214f6091f5f56ba",
    "https://esm.sh/dashjs@4.7.4/denonext/dashjs.mjs": "864b88d5609c35a742540aef7336d56a4c611e595cbe656bbd982518dd210335",
    "https://esm.sh/hls.js@1.6.15": "bbd5875cf318b06f1577a8cae804e4001b5c6be15fca19114a2c9546022b4982",
    "https://esm.sh/hls.js@1.6.15/denonext/hls.mjs": "0aa80e7a7d02b58034122546e604528bbb73470b92e436685b80ddfd1cf698b1",
    "https://esm.sh/react-dom@18.3.1/client": "21721a0da8572c9017131699230e73bd29b31cae9763948f5a7e3966315d07a2",
    "https://esm.sh/react-dom@18.3.1/denonext/client.mjs": "318f533d016f138272e71e96cfcd38e317eb5587769116698aa041b33c66b720",
    "https://esm.sh/react-dom@18.3.1/denonext/react-dom.mjs": "73466556f7d9fc48119edecdc1ebb5035b51c23863cd0899bc20f7fdae18196d",
    "https://esm.sh/react@18.3.1": "336090fd1f03fdb9530dce4ac761717b5e1e1a630c775bac184ec4ee0809cf89",
    "https://esm.sh/react@18.3.1/denonext/jsx-runtime.mjs": "596605b8836d98f058e55f5b27d84c8d673a6468ae61516525a2da104353c5d9",
    "https://esm.sh/react@18.3.1/denonext/react.mjs": "fec8d5ab4ffa55c8b563abc31060c3dc0205699aff20beec4aba0311efdcc1a0",
    "https://esm.sh/react@18.3.1/jsx-runtime": "fae022412d077731999a21e4ed1eac632822bab088f04c980b08750ba33ade9a",
    "https://esm.sh/scheduler@0.23.2/denonext/scheduler.mjs": "8a1a8a363eb417fc8d40f6b15132e8964320782d7169e68fc6ac98b8b8c201eb",
    "https://esm.sh/scheduler@0.23.2?target=denonext": "5f446c6d28a83c4c3905e964a311ac654bf1b1993bb6647ee731a592068d5a1a"
  }
}
